
Microsoft Visual Studio Solution File, Format Version 12.00
# Visual Studio Version 17
VisualStudioVersion = 17.2.32526.322
MinimumVisualStudioVersion = 10.0.40219.1
Project("{9A19103F-16F7-4668-BE54-9A1E7A4F7556}") = "MIndBoxTask", "MIndBoxTask\MIndBoxTask.csproj", "{1B228A81-93F9-43D0-917A-6101A86BFFB8}"
EndProject
Project("{FAE04EC0-301F-11D3-BF4B-00C04F79EFBC}") = "MindBoxTaskTests", "MindBoxTaskTests\MindBoxTaskTests.csproj", "{45E5F373-47ED-4F7C-9ADF-5E55CDFB8E07}"
EndProject
Global
	GlobalSection(SolutionConfigurationPlatforms) = preSolution
		Debug|Any CPU = Debug|Any CPU
		Release|Any CPU = Release|Any CPU
	EndGlobalSection
	GlobalSection(ProjectConfigurationPlatforms) = postSolution
		{1B228A81-93F9-43D0-917A-6101A86BFFB8}.Debug|Any CPU.ActiveCfg = Debug|Any CPU
		{1B228A81-93F9-43D0-917A-6101A86BFFB8}.Debug|Any CPU.Build.0 = Debug|Any CPU
		{1B228A81-93F9-43D0-917A-6101A86BFFB8}.Release|Any CPU.ActiveCfg = Release|Any CPU
		{1B228A81-93F9-43D0-917A-6101A86BFFB8}.Release|Any CPU.Build.0 = Release|Any CPU
		{45E5F373-47ED-4F7C-9ADF-5E55CDFB8E07}.Debug|Any CPU.ActiveCfg = Debug|Any CPU
		{45E5F373-47ED-4F7C-9ADF-5E55CDFB8E07}.Debug|Any CPU.Build.0 = Debug|Any CPU
		{45E5F373-47ED-4F7C-9ADF-5E55CDFB8E07}.Release|Any CPU.ActiveCfg = Release|Any CPU
		{45E5F373-47ED-4F7C-9ADF-5E55CDFB8E07}.Release|Any CPU.Build.0 = Release|Any CPU
	EndGlobalSection
	GlobalSection(SolutionProperties) = preSolution
		HideSolutionNode = FALSE
	EndGlobalSection
	GlobalSection(ExtensibilityGlobals) = postSolution
		SolutionGuid = {DE10785B-9C99-4406-8070-BB311BC72CEE}
	EndGlobalSection
EndGlobal
